// !$*UTF8*$!
{
	archiveVersion = 1;
	classes = {
	};
	objectVersion = 55;
	objects = {

/* Begin PBXBuildFile section */
		2DCF93B629B6134100F3A2E6 /* AppDelegate.swift in Sources */ = {isa = PBXBuildFile; fileRef = 2DCF93B529B6134100F3A2E6 /* AppDelegate.swift */; };
		2DCF93B829B6134100F3A2E6 /* SceneDelegate.swift in Sources */ = {isa = PBXBuildFile; fileRef = 2DCF93B729B6134100F3A2E6 /* SceneDelegate.swift */; };
		2DCF93BA29B6134100F3A2E6 /* MainTabBarVC.swift in Sources */ = {isa = PBXBuildFile; fileRef = 2DCF93B929B6134100F3A2E6 /* MainTabBarVC.swift */; };
		2DCF93BF29B6134700F3A2E6 /* Assets.xcassets in Resources */ = {isa = PBXBuildFile; fileRef = 2DCF93BE29B6134700F3A2E6 /* Assets.xcassets */; };
		2DCF93C229B6134700F3A2E6 /* LaunchScreen.storyboard in Resources */ = {isa = PBXBuildFile; fileRef = 2DCF93C029B6134700F3A2E6 /* LaunchScreen.storyboard */; };
		2DCF93CB29B6167200F3A2E6 /* HomeVC.swift in Sources */ = {isa = PBXBuildFile; fileRef = 2DCF93CA29B6167200F3A2E6 /* HomeVC.swift */; };
		2DCF93CD29B6167E00F3A2E6 /* SearchVC.swift in Sources */ = {isa = PBXBuildFile; fileRef = 2DCF93CC29B6167E00F3A2E6 /* SearchVC.swift */; };
		2DCF93CF29B61A6200F3A2E6 /* UpcomingVC.swift in Sources */ = {isa = PBXBuildFile; fileRef = 2DCF93CE29B61A6200F3A2E6 /* UpcomingVC.swift */; };
		2DCF93D129B61AC200F3A2E6 /* DownloadVC.swift in Sources */ = {isa = PBXBuildFile; fileRef = 2DCF93D029B61AC200F3A2E6 /* DownloadVC.swift */; };
		2DCF93D829B6271800F3A2E6 /* CollectionViewTableViewCell.swift in Sources */ = {isa = PBXBuildFile; fileRef = 2DCF93D729B6271800F3A2E6 /* CollectionViewTableViewCell.swift */; };
		2DCF93DA29B65E6B00F3A2E6 /* HeaderView.swift in Sources */ = {isa = PBXBuildFile; fileRef = 2DCF93D929B65E6B00F3A2E6 /* HeaderView.swift */; };
		2DCF93DC29BBB50800F3A2E6 /* APICaller.swift in Sources */ = {isa = PBXBuildFile; fileRef = 2DCF93DB29BBB50800F3A2E6 /* APICaller.swift */; };
		2DCF93DE29BC6F9C00F3A2E6 /* Movie.swift in Sources */ = {isa = PBXBuildFile; fileRef = 2DCF93DD29BC6F9C00F3A2E6 /* Movie.swift */; };
		2DCF93E029BDF6F500F3A2E6 /* Extensions.swift in Sources */ = {isa = PBXBuildFile; fileRef = 2DCF93DF29BDF6F500F3A2E6 /* Extensions.swift */; };
		2DCF93E429BE158600F3A2E6 /* TitleCollectionViewCell.swift in Sources */ = {isa = PBXBuildFile; fileRef = 2DCF93E329BE158600F3A2E6 /* TitleCollectionViewCell.swift */; };
		2DCF93E729BE191500F3A2E6 /* SDWebImage in Frameworks */ = {isa = PBXBuildFile; productRef = 2DCF93E629BE191500F3A2E6 /* SDWebImage */; };
		2DCF93E929BE191500F3A2E6 /* SDWebImageMapKit in Frameworks */ = {isa = PBXBuildFile; productRef = 2DCF93E829BE191500F3A2E6 /* SDWebImageMapKit */; };
		2DCF93EB29BE5CF900F3A2E6 /* TitleTableViewCell.swift in Sources */ = {isa = PBXBuildFile; fileRef = 2DCF93EA29BE5CF900F3A2E6 /* TitleTableViewCell.swift */; };
		2DCF93ED29BE62F500F3A2E6 /* TitleViewModel.swift in Sources */ = {isa = PBXBuildFile; fileRef = 2DCF93EC29BE62F500F3A2E6 /* TitleViewModel.swift */; };
		2DCF93EF29BF1EB800F3A2E6 /* SearchResultsVC.swift in Sources */ = {isa = PBXBuildFile; fileRef = 2DCF93EE29BF1EB800F3A2E6 /* SearchResultsVC.swift */; };
/* End PBXBuildFile section */

/* Begin PBXFileReference section */
		2DCF93B229B6134100F3A2E6 /* NetflixClone.app */ = {isa = PBXFileReference; explicitFileType = wrapper.application; includeInIndex = 0; path = NetflixClone.app; sourceTree = BUILT_PRODUCTS_DIR; };
		2DCF93B529B6134100F3A2E6 /* AppDelegate.swift */ = {isa = PBXFileReference; lastKnownFileType = sourcecode.swift; path = AppDelegate.swift; sourceTree = "<group>"; };
		2DCF93B729B6134100F3A2E6 /* SceneDelegate.swift */ = {isa = PBXFileReference; lastKnownFileType = sourcecode.swift; path = SceneDelegate.swift; sourceTree = "<group>"; };
		2DCF93B929B6134100F3A2E6 /* MainTabBarVC.swift */ = {isa = PBXFileReference; lastKnownFileType = sourcecode.swift; path = MainTabBarVC.swift; sourceTree = "<group>"; };
		2DCF93BE29B6134700F3A2E6 /* Assets.xcassets */ = {isa = PBXFileReference; lastKnownFileType = folder.assetcatalog; path = Assets.xcassets; sourceTree = "<group>"; };
		2DCF93C129B6134700F3A2E6 /* Base */ = {isa = PBXFileReference; lastKnownFileType = file.storyboard; name = Base; path = Base.lproj/LaunchScreen.storyboard; sourceTree = "<group>"; };
		2DCF93C329B6134700F3A2E6 /* Info.plist */ = {isa = PBXFileReference; lastKnownFileType = text.plist.xml; path = Info.plist; sourceTree = "<group>"; };
		2DCF93CA29B6167200F3A2E6 /* HomeVC.swift */ = {isa = PBXFileReference; lastKnownFileType = sourcecode.swift; path = HomeVC.swift; sourceTree = "<group>"; };
		2DCF93CC29B6167E00F3A2E6 /* SearchVC.swift */ = {isa = PBXFileReference; lastKnownFileType = sourcecode.swift; path = SearchVC.swift; sourceTree = "<group>"; };
		2DCF93CE29B61A6200F3A2E6 /* UpcomingVC.swift */ = {isa = PBXFileReference; lastKnownFileType = sourcecode.swift; path = UpcomingVC.swift; sourceTree = "<group>"; };
		2DCF93D029B61AC200F3A2E6 /* DownloadVC.swift */ = {isa = PBXFileReference; lastKnownFileType = sourcecode.swift; path = DownloadVC.swift; sourceTree = "<group>"; };
		2DCF93D729B6271800F3A2E6 /* CollectionViewTableViewCell.swift */ = {isa = PBXFileReference; lastKnownFileType = sourcecode.swift; path = CollectionViewTableViewCell.swift; sourceTree = "<group>"; };
		2DCF93D929B65E6B00F3A2E6 /* HeaderView.swift */ = {isa = PBXFileReference; lastKnownFileType = sourcecode.swift; path = HeaderView.swift; sourceTree = "<group>"; };
		2DCF93DB29BBB50800F3A2E6 /* APICaller.swift */ = {isa = PBXFileReference; lastKnownFileType = sourcecode.swift; path = APICaller.swift; sourceTree = "<group>"; };
		2DCF93DD29BC6F9C00F3A2E6 /* Movie.swift */ = {isa = PBXFileReference; lastKnownFileType = sourcecode.swift; path = Movie.swift; sourceTree = "<group>"; };
		2DCF93DF29BDF6F500F3A2E6 /* Extensions.swift */ = {isa = PBXFileReference; lastKnownFileType = sourcecode.swift; path = Extensions.swift; sourceTree = "<group>"; };
		2DCF93E329BE158600F3A2E6 /* TitleCollectionViewCell.swift */ = {isa = PBXFileReference; lastKnownFileType = sourcecode.swift; path = TitleCollectionViewCell.swift; sourceTree = "<group>"; };
		2DCF93EA29BE5CF900F3A2E6 /* TitleTableViewCell.swift */ = {isa = PBXFileReference; lastKnownFileType = sourcecode.swift; path = TitleTableViewCell.swift; sourceTree = "<group>"; };
		2DCF93EC29BE62F500F3A2E6 /* TitleViewModel.swift */ = {isa = PBXFileReference; lastKnownFileType = sourcecode.swift; path = TitleViewModel.swift; sourceTree = "<group>"; };
		2DCF93EE29BF1EB800F3A2E6 /* SearchResultsVC.swift */ = {isa = PBXFileReference; lastKnownFileType = sourcecode.swift; path = SearchResultsVC.swift; sourceTree = "<group>"; };
/* End PBXFileReference section */

/* Begin PBXFrameworksBuildPhase section */
		2DCF93AF29B6134100F3A2E6 /* Frameworks */ = {
			isa = PBXFrameworksBuildPhase;
			buildActionMask = 2147483647;
			files = (
				2DCF93E929BE191500F3A2E6 /* SDWebImageMapKit in Frameworks */,
				2DCF93E729BE191500F3A2E6 /* SDWebImage in Frameworks */,
			);
			runOnlyForDeploymentPostprocessing = 0;
		};
/* End PBXFrameworksBuildPhase section */

/* Begin PBXGroup section */
		2DCF93A929B6134100F3A2E6 = {
			isa = PBXGroup;
			children = (
				2DCF93B429B6134100F3A2E6 /* NetflixClone */,
				2DCF93B329B6134100F3A2E6 /* Products */,
			);
			sourceTree = "<group>";
		};
		2DCF93B329B6134100F3A2E6 /* Products */ = {
			isa = PBXGroup;
			children = (
				2DCF93B229B6134100F3A2E6 /* NetflixClone.app */,
			);
			name = Products;
			sourceTree = "<group>";
		};
		2DCF93B429B6134100F3A2E6 /* NetflixClone */ = {
			isa = PBXGroup;
			children = (
				2DCF93D629B626C000F3A2E6 /* Managers */,
				2DCF93D529B626BA00F3A2E6 /* Resources */,
				2DCF93D229B6267000F3A2E6 /* Model */,
				2DCF93D429B6268300F3A2E6 /* View */,
				2DCF93D329B6267700F3A2E6 /* ViewModel */,
				2DCF93C929B6158600F3A2E6 /* Controllers */,
				2DCF93B529B6134100F3A2E6 /* AppDelegate.swift */,
				2DCF93B729B6134100F3A2E6 /* SceneDelegate.swift */,
				2DCF93BE29B6134700F3A2E6 /* Assets.xcassets */,
				2DCF93C029B6134700F3A2E6 /* LaunchScreen.storyboard */,
				2DCF93C329B6134700F3A2E6 /* Info.plist */,
			);
			path = NetflixClone;
			sourceTree = "<group>";
		};
		2DCF93C929B6158600F3A2E6 /* Controllers */ = {
			isa = PBXGroup;
			children = (
				2DCF93F129BF22F700F3A2E6 /* General */,
				2DCF93F029BF22D800F3A2E6 /* Core */,
			);
			path = Controllers;
			sourceTree = "<group>";
		};
		2DCF93D229B6267000F3A2E6 /* Model */ = {
			isa = PBXGroup;
			children = (
				2DCF93DD29BC6F9C00F3A2E6 /* Movie.swift */,
			);
			path = Model;
			sourceTree = "<group>";
		};
		2DCF93D329B6267700F3A2E6 /* ViewModel */ = {
			isa = PBXGroup;
			children = (
				2DCF93EC29BE62F500F3A2E6 /* TitleViewModel.swift */,
			);
			path = ViewModel;
			sourceTree = "<group>";
		};
		2DCF93D429B6268300F3A2E6 /* View */ = {
			isa = PBXGroup;
			children = (
				2DCF93D729B6271800F3A2E6 /* CollectionViewTableViewCell.swift */,
				2DCF93D929B65E6B00F3A2E6 /* HeaderView.swift */,
				2DCF93E329BE158600F3A2E6 /* TitleCollectionViewCell.swift */,
				2DCF93EA29BE5CF900F3A2E6 /* TitleTableViewCell.swift */,
			);
			path = View;
			sourceTree = "<group>";
		};
		2DCF93D529B626BA00F3A2E6 /* Resources */ = {
			isa = PBXGroup;
			children = (
				2DCF93DF29BDF6F500F3A2E6 /* Extensions.swift */,
			);
			path = Resources;
			sourceTree = "<group>";
		};
		2DCF93D629B626C000F3A2E6 /* Managers */ = {
			isa = PBXGroup;
			children = (
				2DCF93DB29BBB50800F3A2E6 /* APICaller.swift */,
			);
			path = Managers;
			sourceTree = "<group>";
		};
		2DCF93F029BF22D800F3A2E6 /* Core */ = {
			isa = PBXGroup;
			children = (
				2DCF93B929B6134100F3A2E6 /* MainTabBarVC.swift */,
				2DCF93CA29B6167200F3A2E6 /* HomeVC.swift */,
				2DCF93CC29B6167E00F3A2E6 /* SearchVC.swift */,
				2DCF93CE29B61A6200F3A2E6 /* UpcomingVC.swift */,
				2DCF93D029B61AC200F3A2E6 /* DownloadVC.swift */,
			);
			path = Core;
			sourceTree = "<group>";
		};
		2DCF93F129BF22F700F3A2E6 /* General */ = {
			isa = PBXGroup;
			children = (
				2DCF93EE29BF1EB800F3A2E6 /* SearchResultsVC.swift */,
			);
			path = General;
			sourceTree = "<group>";
		};
/* End PBXGroup section */

/* Begin PBXNativeTarget section */
		2DCF93B129B6134100F3A2E6 /* NetflixClone */ = {
			isa = PBXNativeTarget;
			buildConfigurationList = 2DCF93C629B6134700F3A2E6 /* Build configuration list for PBXNativeTarget "NetflixClone" */;
			buildPhases = (
				2DCF93AE29B6134100F3A2E6 /* Sources */,
				2DCF93AF29B6134100F3A2E6 /* Frameworks */,
				2DCF93B029B6134100F3A2E6 /* Resources */,
			);
			buildRules = (
			);
			dependencies = (
			);
			name = NetflixClone;
			packageProductDependencies = (
				2DCF93E629BE191500F3A2E6 /* SDWebImage */,
				2DCF93E829BE191500F3A2E6 /* SDWebImageMapKit */,
			);
			productName = NetflixClone;
			productReference = 2DCF93B229B6134100F3A2E6 /* NetflixClone.app */;
			productType = "com.apple.product-type.application";
		};
/* End PBXNativeTarget section */

/* Begin PBXProject section */
		2DCF93AA29B6134100F3A2E6 /* Project object */ = {
			isa = PBXProject;
			attributes = {
				BuildIndependentTargetsInParallel = 1;
				LastSwiftUpdateCheck = 1320;
				LastUpgradeCheck = 1320;
				TargetAttributes = {
					2DCF93B129B6134100F3A2E6 = {
						CreatedOnToolsVersion = 13.2.1;
					};
				};
			};
			buildConfigurationList = 2DCF93AD29B6134100F3A2E6 /* Build configuration list for PBXProject "NetflixClone" */;
			compatibilityVersion = "Xcode 13.0";
			developmentRegion = en;
			hasScannedForEncodings = 0;
			knownRegions = (
				en,
				Base,
			);
			mainGroup = 2DCF93A929B6134100F3A2E6;
			packageReferences = (
				2DCF93E529BE191500F3A2E6 /* XCRemoteSwiftPackageReference "SDWebImage" */,
			);
			productRefGroup = 2DCF93B329B6134100F3A2E6 /* Products */;
			projectDirPath = "";
			projectRoot = "";
			targets = (
				2DCF93B129B6134100F3A2E6 /* NetflixClone */,
			);
		};
/* End PBXProject section */

/* Begin PBXResourcesBuildPhase section */
		2DCF93B029B6134100F3A2E6 /* Resources */ = {
			isa = PBXResourcesBuildPhase;
			buildActionMask = 2147483647;
			files = (
				2DCF93C229B6134700F3A2E6 /* LaunchScreen.storyboard in Resources */,
				2DCF93BF29B6134700F3A2E6 /* Assets.xcassets in Resources */,
			);
			runOnlyForDeploymentPostprocessing = 0;
		};
/* End PBXResourcesBuildPhase section */

/* Begin PBXSourcesBuildPhase section */
		2DCF93AE29B6134100F3A2E6 /* Sources */ = {
			isa = PBXSourcesBuildPhase;
			buildActionMask = 2147483647;
			files = (
				2DCF93EB29BE5CF900F3A2E6 /* TitleTableViewCell.swift in Sources */,
				2DCF93EF29BF1EB800F3A2E6 /* SearchResultsVC.swift in Sources */,
				2DCF93BA29B6134100F3A2E6 /* MainTabBarVC.swift in Sources */,
				2DCF93E429BE158600F3A2E6 /* TitleCollectionViewCell.swift in Sources */,
				2DCF93DA29B65E6B00F3A2E6 /* HeaderView.swift in Sources */,
				2DCF93D129B61AC200F3A2E6 /* DownloadVC.swift in Sources */,
				2DCF93DC29BBB50800F3A2E6 /* APICaller.swift in Sources */,
				2DCF93D829B6271800F3A2E6 /* CollectionViewTableViewCell.swift in Sources */,
				2DCF93CD29B6167E00F3A2E6 /* SearchVC.swift in Sources */,
				2DCF93CB29B6167200F3A2E6 /* HomeVC.swift in Sources */,
				2DCF93E029BDF6F500F3A2E6 /* Extensions.swift in Sources */,
				2DCF93B629B6134100F3A2E6 /* AppDelegate.swift in Sources */,
				2DCF93CF29B61A6200F3A2E6 /* UpcomingVC.swift in Sources */,
				2DCF93DE29BC6F9C00F3A2E6 /* Movie.swift in Sources */,
				2DCF93B829B6134100F3A2E6 /* SceneDelegate.swift in Sources */,
				2DCF93ED29BE62F500F3A2E6 /* TitleViewModel.swift in Sources */,
			);
			runOnlyForDeploymentPostprocessing = 0;
		};
/* End PBXSourcesBuildPhase section */

/* Begin PBXVariantGroup section */
		2DCF93C029B6134700F3A2E6 /* LaunchScreen.storyboard */ = {
			isa = PBXVariantGroup;
			children = (
				2DCF93C129B6134700F3A2E6 /* Base */,
			);
			name = LaunchScreen.storyboard;
			sourceTree = "<group>";
		};
/* End PBXVariantGroup section */

/* Begin XCBuildConfiguration section */
		2DCF93C429B6134700F3A2E6 /* Debug */ = {
			isa = XCBuildConfiguration;
			buildSettings = {
				ALWAYS_SEARCH_USER_PATHS = NO;
				CLANG_ANALYZER_NONNULL = YES;
				CLANG_ANALYZER_NUMBER_OBJECT_CONVERSION = YES_AGGRESSIVE;
				CLANG_CXX_LANGUAGE_STANDARD = "gnu++17";
				CLANG_CXX_LIBRARY = "libc++";
				CLANG_ENABLE_MODULES = YES;
				CLANG_ENABLE_OBJC_ARC = YES;
				CLANG_ENABLE_OBJC_WEAK = YES;
				CLANG_WARN_BLOCK_CAPTURE_AUTORELEASING = YES;
				CLANG_WARN_BOOL_CONVERSION = YES;
				CLANG_WARN_COMMA = YES;
				CLANG_WARN_CONSTANT_CONVERSION = YES;
				CLANG_WARN_DEPRECATED_OBJC_IMPLEMENTATIONS = YES;
				CLANG_WARN_DIRECT_OBJC_ISA_USAGE = YES_ERROR;
				CLANG_WARN_DOCUMENTATION_COMMENTS = YES;
				CLANG_WARN_EMPTY_BODY = YES;
				CLANG_WARN_ENUM_CONVERSION = YES;
				CLANG_WARN_INFINITE_RECURSION = YES;
				CLANG_WARN_INT_CONVERSION = YES;
				CLANG_WARN_NON_LITERAL_NULL_CONVERSION = YES;
				CLANG_WARN_OBJC_IMPLICIT_RETAIN_SELF = YES;
				CLANG_WARN_OBJC_LITERAL_CONVERSION = YES;
				CLANG_WARN_OBJC_ROOT_CLASS = YES_ERROR;
				CLANG_WARN_QUOTED_INCLUDE_IN_FRAMEWORK_HEADER = YES;
				CLANG_WARN_RANGE_LOOP_ANALYSIS = YES;
				CLANG_WARN_STRICT_PROTOTYPES = YES;
				CLANG_WARN_SUSPICIOUS_MOVE = YES;
				CLANG_WARN_UNGUARDED_AVAILABILITY = YES_AGGRESSIVE;
				CLANG_WARN_UNREACHABLE_CODE = YES;
				CLANG_WARN__DUPLICATE_METHOD_MATCH = YES;
				COPY_PHASE_STRIP = NO;
				DEBUG_INFORMATION_FORMAT = dwarf;
				ENABLE_STRICT_OBJC_MSGSEND = YES;
				ENABLE_TESTABILITY = YES;
				GCC_C_LANGUAGE_STANDARD = gnu11;
				GCC_DYNAMIC_NO_PIC = NO;
				GCC_NO_COMMON_BLOCKS = YES;
				GCC_OPTIMIZATION_LEVEL = 0;
				GCC_PREPROCESSOR_DEFINITIONS = (
					"DEBUG=1",
					"$(inherited)",
				);
				GCC_WARN_64_TO_32_BIT_CONVERSION = YES;
				GCC_WARN_ABOUT_RETURN_TYPE = YES_ERROR;
				GCC_WARN_UNDECLARED_SELECTOR = YES;
				GCC_WARN_UNINITIALIZED_AUTOS = YES_AGGRESSIVE;
				GCC_WARN_UNUSED_FUNCTION = YES;
				GCC_WARN_UNUSED_VARIABLE = YES;
				IPHONEOS_DEPLOYMENT_TARGET = 15.2;
				MTL_ENABLE_DEBUG_INFO = INCLUDE_SOURCE;
				MTL_FAST_MATH = YES;
				ONLY_ACTIVE_ARCH = YES;
				SDKROOT = iphoneos;
				SWIFT_ACTIVE_COMPILATION_CONDITIONS = DEBUG;
				SWIFT_OPTIMIZATION_LEVEL = "-Onone";
			};
			name = Debug;
		};
		2DCF93C529B6134700F3A2E6 /* Release */ = {
			isa = XCBuildConfiguration;
			buildSettings = {
				ALWAYS_SEARCH_USER_PATHS = NO;
				CLANG_ANALYZER_NONNULL = YES;
				CLANG_ANALYZER_NUMBER_OBJECT_CONVERSION = YES_AGGRESSIVE;
				CLANG_CXX_LANGUAGE_STANDARD = "gnu++17";
				CLANG_CXX_LIBRARY = "libc++";
				CLANG_ENABLE_MODULES = YES;
				CLANG_ENABLE_OBJC_ARC = YES;
				CLANG_ENABLE_OBJC_WEAK = YES;
				CLANG_WARN_BLOCK_CAPTURE_AUTORELEASING = YES;
				CLANG_WARN_BOOL_CONVERSION = YES;
				CLANG_WARN_COMMA = YES;
				CLANG_WARN_CONSTANT_CONVERSION = YES;
				CLANG_WARN_DEPRECATED_OBJC_IMPLEMENTATIONS = YES;
				CLANG_WARN_DIRECT_OBJC_ISA_USAGE = YES_ERROR;
				CLANG_WARN_DOCUMENTATION_COMMENTS = YES;
				CLANG_WARN_EMPTY_BODY = YES;
				CLANG_WARN_ENUM_CONVERSION = YES;
				CLANG_WARN_INFINITE_RECURSION = YES;
				CLANG_WARN_INT_CONVERSION = YES;
				CLANG_WARN_NON_LITERAL_NULL_CONVERSION = YES;
				CLANG_WARN_OBJC_IMPLICIT_RETAIN_SELF = YES;
				CLANG_WARN_OBJC_LITERAL_CONVERSION = YES;
				CLANG_WARN_OBJC_ROOT_CLASS = YES_ERROR;
				CLANG_WARN_QUOTED_INCLUDE_IN_FRAMEWORK_HEADER = YES;
				CLANG_WARN_RANGE_LOOP_ANALYSIS = YES;
				CLANG_WARN_STRICT_PROTOTYPES = YES;
				CLANG_WARN_SUSPICIOUS_MOVE = YES;
				CLANG_WARN_UNGUARDED_AVAILABILITY = YES_AGGRESSIVE;
				CLANG_WARN_UNREACHABLE_CODE = YES;
				CLANG_WARN__DUPLICATE_METHOD_MATCH = YES;
				COPY_PHASE_STRIP = NO;
				DEBUG_INFORMATION_FORMAT = "dwarf-with-dsym";
				ENABLE_NS_ASSERTIONS = NO;
				ENABLE_STRICT_OBJC_MSGSEND = YES;
				GCC_C_LANGUAGE_STANDARD = gnu11;
				GCC_NO_COMMON_BLOCKS = YES;
				GCC_WARN_64_TO_32_BIT_CONVERSION = YES;
				GCC_WARN_ABOUT_RETURN_TYPE = YES_ERROR;
				GCC_WARN_UNDECLARED_SELECTOR = YES;
				GCC_WARN_UNINITIALIZED_AUTOS = YES_AGGRESSIVE;
				GCC_WARN_UNUSED_FUNCTION = YES;
				GCC_WARN_UNUSED_VARIABLE = YES;
				IPHONEOS_DEPLOYMENT_TARGET = 15.2;
				MTL_ENABLE_DEBUG_INFO = NO;
				MTL_FAST_MATH = YES;
				SDKROOT = iphoneos;
				SWIFT_COMPILATION_MODE = wholemodule;
				SWIFT_OPTIMIZATION_LEVEL = "-O";
				VALIDATE_PRODUCT = YES;
			};
			name = Release;
		};
		2DCF93C729B6134700F3A2E6 /* Debug */ = {
			isa = XCBuildConfiguration;
			buildSettings = {
				ASSETCATALOG_COMPILER_APPICON_NAME = AppIcon;
				ASSETCATALOG_COMPILER_GLOBAL_ACCENT_COLOR_NAME = AccentColor;
				CODE_SIGN_STYLE = Automatic;
				CURRENT_PROJECT_VERSION = 1;
				DEVELOPMENT_TEAM = HY4RQ38UNC;
				GENERATE_INFOPLIST_FILE = YES;
				INFOPLIST_FILE = NetflixClone/Info.plist;
				INFOPLIST_KEY_UIApplicationSupportsIndirectInputEvents = YES;
				INFOPLIST_KEY_UILaunchStoryboardName = LaunchScreen;
				INFOPLIST_KEY_UISupportedInterfaceOrientations_iPad = "UIInterfaceOrientationPortrait UIInterfaceOrientationPortraitUpsideDown UIInterfaceOrientationLandscapeLeft UIInterfaceOrientationLandscapeRight";
				INFOPLIST_KEY_UISupportedInterfaceOrientations_iPhone = "UIInterfaceOrientationPortrait UIInterfaceOrientationLandscapeLeft UIInterfaceOrientationLandscapeRight";
				LD_RUNPATH_SEARCH_PATHS = (
					"$(inherited)",
					"@executable_path/Frameworks",
				);
				MARKETING_VERSION = 1.0;
				PRODUCT_BUNDLE_IDENTIFIER = kdyrovadd.NetflixClone;
				PRODUCT_NAME = "$(TARGET_NAME)";
				SWIFT_EMIT_LOC_STRINGS = YES;
				SWIFT_VERSION = 5.0;
				TARGETED_DEVICE_FAMILY = "1,2";
			};
			name = Debug;
		};
		2DCF93C829B6134700F3A2E6 /* Release */ = {
			isa = XCBuildConfiguration;
			buildSettings = {
				ASSETCATALOG_COMPILER_APPICON_NAME = AppIcon;
				ASSETCATALOG_COMPILER_GLOBAL_ACCENT_COLOR_NAME = AccentColor;
				CODE_SIGN_STYLE = Automatic;
				CURRENT_PROJECT_VERSION = 1;
				DEVELOPMENT_TEAM = HY4RQ38UNC;
				GENERATE_INFOPLIST_FILE = YES;
				INFOPLIST_FILE = NetflixClone/Info.plist;
				INFOPLIST_KEY_UIApplicationSupportsIndirectInputEvents = YES;
				INFOPLIST_KEY_UILaunchStoryboardName = LaunchScreen;
				INFOPLIST_KEY_UISupportedInterfaceOrientations_iPad = "UIInterfaceOrientationPortrait UIInterfaceOrientationPortraitUpsideDown UIInterfaceOrientationLandscapeLeft UIInterfaceOrientationLandscapeRight";
				INFOPLIST_KEY_UISupportedInterfaceOrientations_iPhone = "UIInterfaceOrientationPortrait UIInterfaceOrientationLandscapeLeft UIInterfaceOrientationLandscapeRight";
				LD_RUNPATH_SEARCH_PATHS = (
					"$(inherited)",
					"@executable_path/Frameworks",
				);
				MARKETING_VERSION = 1.0;
				PRODUCT_BUNDLE_IDENTIFIER = kdyrovadd.NetflixClone;
				PRODUCT_NAME = "$(TARGET_NAME)";
				SWIFT_EMIT_LOC_STRINGS = YES;
				SWIFT_VERSION = 5.0;
				TARGETED_DEVICE_FAMILY = "1,2";
			};
			name = Release;
		};
/* End XCBuildConfiguration section */

/* Begin XCConfigurationList section */
		2DCF93AD29B6134100F3A2E6 /* Build configuration list for PBXProject "NetflixClone" */ = {
			isa = XCConfigurationList;
			buildConfigurations = (
				2DCF93C429B6134700F3A2E6 /* Debug */,
				2DCF93C529B6134700F3A2E6 /* Release */,
			);
			defaultConfigurationIsVisible = 0;
			defaultConfigurationName = Release;
		};
		2DCF93C629B6134700F3A2E6 /* Build configuration list for PBXNativeTarget "NetflixClone" */ = {
			isa = XCConfigurationList;
			buildConfigurations = (
				2DCF93C729B6134700F3A2E6 /* Debug */,
				2DCF93C829B6134700F3A2E6 /* Release */,
			);
			defaultConfigurationIsVisible = 0;
			defaultConfigurationName = Release;
		};
/* End XCConfigurationList section */

/* Begin XCRemoteSwiftPackageReference section */
		2DCF93E529BE191500F3A2E6 /* XCRemoteSwiftPackageReference "SDWebImage" */ = {
			isa = XCRemoteSwiftPackageReference;
			repositoryURL = "https://github.com/SDWebImage/SDWebImage.git";
			requirement = {
				kind = upToNextMajorVersion;
				minimumVersion = 5.0.0;
			};
		};
/* End XCRemoteSwiftPackageReference section */

/* Begin XCSwiftPackageProductDependency section */
		2DCF93E629BE191500F3A2E6 /* SDWebImage */ = {
			isa = XCSwiftPackageProductDependency;
			package = 2DCF93E529BE191500F3A2E6 /* XCRemoteSwiftPackageReference "SDWebImage" */;
			productName = SDWebImage;
		};
		2DCF93E829BE191500F3A2E6 /* SDWebImageMapKit */ = {
			isa = XCSwiftPackageProductDependency;
			package = 2DCF93E529BE191500F3A2E6 /* XCRemoteSwiftPackageReference "SDWebImage" */;
			productName = SDWebImageMapKit;
		};
/* End XCSwiftPackageProductDependency section */
	};
	rootObject = 2DCF93AA29B6134100F3A2E6 /* Project object */;
}
